// !$*UTF8*$!
{
	archiveVersion = 1;
	classes = {
	};
	objectVersion = 46;
	objects = {

/* Begin PBXBuildFile section */
		A10A11F91DE43EB100327228 /* AppDelegate.swift in Sources */ = {isa = PBXBuildFile; fileRef = A10A11F81DE43EB100327228 /* AppDelegate.swift */; };
		A10A11FB1DE43EB100327228 /* ViewController.swift in Sources */ = {isa = PBXBuildFile; fileRef = A10A11FA1DE43EB100327228 /* ViewController.swift */; };
		A10A11FE1DE43EB100327228 /* Main.storyboard in Resources */ = {isa = PBXBuildFile; fileRef = A10A11FC1DE43EB100327228 /* Main.storyboard */; };
		A10A12011DE43EB200327228 /* sushiBuffet.xcdatamodeld in Sources */ = {isa = PBXBuildFile; fileRef = A10A11FF1DE43EB200327228 /* sushiBuffet.xcdatamodeld */; };
		A10A12031DE43EB200327228 /* Assets.xcassets in Resources */ = {isa = PBXBuildFile; fileRef = A10A12021DE43EB200327228 /* Assets.xcassets */; };
		A10A12061DE43EB200327228 /* LaunchScreen.storyboard in Resources */ = {isa = PBXBuildFile; fileRef = A10A12041DE43EB200327228 /* LaunchScreen.storyboard */; };
		A10A120E1DE441E300327228 /* File.swift in Sources */ = {isa = PBXBuildFile; fileRef = A10A120D1DE441E200327228 /* File.swift */; };
		A1C0FD071DE58D7200302ADC /* DetailsMapViewController.swift in Sources */ = {isa = PBXBuildFile; fileRef = A1C0FD061DE58D7200302ADC /* DetailsMapViewController.swift */; };
/* End PBXBuildFile section */

/* Begin PBXFileReference section */
		A10A11F51DE43EB000327228 /* sushiBuffet.app */ = {isa = PBXFileReference; explicitFileType = wrapper.application; includeInIndex = 0; path = sushiBuffet.app; sourceTree = BUILT_PRODUCTS_DIR; };
		A10A11F81DE43EB100327228 /* AppDelegate.swift */ = {isa = PBXFileReference; lastKnownFileType = sourcecode.swift; path = AppDelegate.swift; sourceTree = "<group>"; };
		A10A11FA1DE43EB100327228 /* ViewController.swift */ = {isa = PBXFileReference; lastKnownFileType = sourcecode.swift; path = ViewController.swift; sourceTree = "<group>"; };
		A10A11FD1DE43EB100327228 /* Base */ = {isa = PBXFileReference; lastKnownFileType = file.storyboard; name = Base; path = Base.lproj/Main.storyboard; sourceTree = "<group>"; };
		A10A12001DE43EB200327228 /* sushiBuffet.xcdatamodel */ = {isa = PBXFileReference; lastKnownFileType = wrapper.xcdatamodel; path = sushiBuffet.xcdatamodel; sourceTree = "<group>"; };
		A10A12021DE43EB200327228 /* Assets.xcassets */ = {isa = PBXFileReference; lastKnownFileType = folder.assetcatalog; path = Assets.xcassets; sourceTree = "<group>"; };
		A10A12051DE43EB200327228 /* Base */ = {isa = PBXFileReference; lastKnownFileType = file.storyboard; name = Base; path = Base.lproj/LaunchScreen.storyboard; sourceTree = "<group>"; };
		A10A12071DE43EB300327228 /* Info.plist */ = {isa = PBXFileReference; lastKnownFileType = text.plist.xml; path = Info.plist; sourceTree = "<group>"; };
		A10A120D1DE441E200327228 /* File.swift */ = {isa = PBXFileReference; fileEncoding = 4; lastKnownFileType = sourcecode.swift; path = File.swift; sourceTree = "<group>"; };
		A1C0FD061DE58D7200302ADC /* DetailsMapViewController.swift */ = {isa = PBXFileReference; fileEncoding = 4; lastKnownFileType = sourcecode.swift; path = DetailsMapViewController.swift; sourceTree = "<group>"; };
/* End PBXFileReference section */

/* Begin PBXFrameworksBuildPhase section */
		A10A11F21DE43EB000327228 /* Frameworks */ = {
			isa = PBXFrameworksBuildPhase;
			buildActionMask = 2147483647;
			files = (
			);
			runOnlyForDeploymentPostprocessing = 0;
		};
/* End PBXFrameworksBuildPhase section */

/* Begin PBXGroup section */
		A10A11EC1DE43EAE00327228 = {
			isa = PBXGroup;
			children = (
				A10A11F71DE43EB000327228 /* sushiBuffet */,
				A10A11F61DE43EB000327228 /* Products */,
			);
			sourceTree = "<group>";
		};
		A10A11F61DE43EB000327228 /* Products */ = {
			isa = PBXGroup;
			children = (
				A10A11F51DE43EB000327228 /* sushiBuffet.app */,
			);
			name = Products;
			sourceTree = "<group>";
		};
		A10A11F71DE43EB000327228 /* sushiBuffet */ = {
			isa = PBXGroup;
			children = (
				A10A11F81DE43EB100327228 /* AppDelegate.swift */,
				A10A11FA1DE43EB100327228 /* ViewController.swift */,
				A10A11FC1DE43EB100327228 /* Main.storyboard */,
				A1C0FD061DE58D7200302ADC /* DetailsMapViewController.swift */,
				A10A120D1DE441E200327228 /* File.swift */,
				A10A12021DE43EB200327228 /* Assets.xcassets */,
				A10A12041DE43EB200327228 /* LaunchScreen.storyboard */,
				A10A12071DE43EB300327228 /* Info.plist */,
				A10A11FF1DE43EB200327228 /* sushiBuffet.xcdatamodeld */,
			);
			path = sushiBuffet;
			sourceTree = "<group>";
		};
/* End PBXGroup section */

/* Begin PBXNativeTarget section */
		A10A11F41DE43EB000327228 /* sushiBuffet */ = {
			isa = PBXNativeTarget;
			buildConfigurationList = A10A120A1DE43EB300327228 /* Build configuration list for PBXNativeTarget "sushiBuffet" */;
			buildPhases = (
				A10A11F11DE43EB000327228 /* Sources */,
				A10A11F21DE43EB000327228 /* Frameworks */,
				A10A11F31DE43EB000327228 /* Resources */,
			);
			buildRules = (
			);
			dependencies = (
			);
			name = sushiBuffet;
			productName = sushiBuffet;
			productReference = A10A11F51DE43EB000327228 /* sushiBuffet.app */;
			productType = "com.apple.product-type.application";
		};
/* End PBXNativeTarget section */

/* Begin PBXProject section */
		A10A11ED1DE43EAF00327228 /* Project object */ = {
			isa = PBXProject;
			attributes = {
				LastSwiftUpdateCheck = 0800;
				LastUpgradeCheck = 0800;
				ORGANIZATIONNAME = ckhui;
				TargetAttributes = {
					A10A11F41DE43EB000327228 = {
						CreatedOnToolsVersion = 8.0;
						ProvisioningStyle = Automatic;
					};
				};
			};
			buildConfigurationList = A10A11F01DE43EAF00327228 /* Build configuration list for PBXProject "sushiBuffet" */;
			compatibilityVersion = "Xcode 3.2";
			developmentRegion = English;
			hasScannedForEncodings = 0;
			knownRegions = (
				en,
				Base,
			);
			mainGroup = A10A11EC1DE43EAE00327228;
			productRefGroup = A10A11F61DE43EB000327228 /* Products */;
			projectDirPath = "";
			projectRoot = "";
			targets = (
				A10A11F41DE43EB000327228 /* sushiBuffet */,
			);
		};
/* End PBXProject section */

/* Begin PBXResourcesBuildPhase section */
		A10A11F31DE43EB000327228 /* Resources */ = {
			isa = PBXResourcesBuildPhase;
			buildActionMask = 2147483647;
			files = (
				A10A12061DE43EB200327228 /* LaunchScreen.storyboard in Resources */,
				A10A12031DE43EB200327228 /* Assets.xcassets in Resources */,
				A10A11FE1DE43EB100327228 /* Main.storyboard in Resources */,
			);
			runOnlyForDeploymentPostprocessing = 0;
		};
/* End PBXResourcesBuildPhase section */

/* Begin PBXSourcesBuildPhase section */
		A10A11F11DE43EB000327228 /* Sources */ = {
			isa = PBXSourcesBuildPhase;
			buildActionMask = 2147483647;
			files = (
				A1C0FD071DE58D7200302ADC /* DetailsMapViewController.swift in Sources */,
				A10A11FB1DE43EB100327228 /* ViewController.swift in Sources */,
				A10A120E1DE441E300327228 /* File.swift in Sources */,
				A10A11F91DE43EB100327228 /* AppDelegate.swift in Sources */,
				A10A12011DE43EB200327228 /* sushiBuffet.xcdatamodeld in Sources */,
			);
			runOnlyForDeploymentPostprocessing = 0;
		};
/* End PBXSourcesBuildPhase section */

/* Begin PBXVariantGroup section */
		A10A11FC1DE43EB100327228 /* Main.storyboard */ = {
			isa = PBXVariantGroup;
			children = (
				A10A11FD1DE43EB100327228 /* Base */,
			);
			name = Main.storyboard;
			sourceTree = "<group>";
		};
		A10A12041DE43EB200327228 /* LaunchScreen.storyboard */ = {
			isa = PBXVariantGroup;
			children = (
				A10A12051DE43EB200327228 /* Base */,
			);
			name = LaunchScreen.storyboard;
			sourceTree = "<group>";
		};
/* End PBXVariantGroup section */

/* Begin XCBuildConfiguration section */
		A10A12081DE43EB300327228 /* Debug */ = {
			isa = XCBuildConfiguration;
			buildSettings = {
				ALWAYS_SEARCH_USER_PATHS = NO;
				CLANG_ANALYZER_NONNULL = YES;
				CLANG_CXX_LANGUAGE_STANDARD = "gnu++0x";
				CLANG_CXX_LIBRARY = "libc++";
				CLANG_ENABLE_MODULES = YES;
				CLANG_ENABLE_OBJC_ARC = YES;
				CLANG_WARN_BOOL_CONVERSION = YES;
				CLANG_WARN_CONSTANT_CONVERSION = YES;
				CLANG_WARN_DIRECT_OBJC_ISA_USAGE = YES_ERROR;
				CLANG_WARN_DOCUMENTATION_COMMENTS = YES;
				CLANG_WARN_EMPTY_BODY = YES;
				CLANG_WARN_ENUM_CONVERSION = YES;
				CLANG_WARN_INFINITE_RECURSION = YES;
				CLANG_WARN_INT_CONVERSION = YES;
				CLANG_WARN_OBJC_ROOT_CLASS = YES_ERROR;
				CLANG_WARN_SUSPICIOUS_MOVES = YES;
				CLANG_WARN_UNREACHABLE_CODE = YES;
				CLANG_WARN__DUPLICATE_METHOD_MATCH = YES;
				"CODE_SIGN_IDENTITY[sdk=iphoneos*]" = "iPhone Developer";
				COPY_PHASE_STRIP = NO;
				DEBUG_INFORMATION_FORMAT = dwarf;
				ENABLE_STRICT_OBJC_MSGSEND = YES;
				ENABLE_TESTABILITY = YES;
				GCC_C_LANGUAGE_STANDARD = gnu99;
				GCC_DYNAMIC_NO_PIC = NO;
				GCC_NO_COMMON_BLOCKS = YES;
				GCC_OPTIMIZATION_LEVEL = 0;
				GCC_PREPROCESSOR_DEFINITIONS = (
					"DEBUG=1",
					"$(inherited)",
				);
				GCC_WARN_64_TO_32_BIT_CONVERSION = YES;
				GCC_WARN_ABOUT_RETURN_TYPE = YES_ERROR;
				GCC_WARN_UNDECLARED_SELECTOR = YES;
				GCC_WARN_UNINITIALIZED_AUTOS = YES_AGGRESSIVE;
				GCC_WARN_UNUSED_FUNCTION = YES;
				GCC_WARN_UNUSED_VARIABLE = YES;
				IPHONEOS_DEPLOYMENT_TARGET = 10.0;
				MTL_ENABLE_DEBUG_INFO = YES;
				ONLY_ACTIVE_ARCH = YES;
				SDKROOT = iphoneos;
				SWIFT_ACTIVE_COMPILATION_CONDITIONS = DEBUG;
				SWIFT_OPTIMIZATION_LEVEL = "-Onone";
				TARGETED_DEVICE_FAMILY = "1,2";
			};
			name = Debug;
		};
		A10A12091DE43EB300327228 /* Release */ = {
			isa = XCBuildConfiguration;
			buildSettings = {
				ALWAYS_SEARCH_USER_PATHS = NO;
				CLANG_ANALYZER_NONNULL = YES;
				CLANG_CXX_LANGUAGE_STANDARD = "gnu++0x";
				CLANG_CXX_LIBRARY = "libc++";
				CLANG_ENABLE_MODULES = YES;
				CLANG_ENABLE_OBJC_ARC = YES;
				CLANG_WARN_BOOL_CONVERSION = YES;
				CLANG_WARN_CONSTANT_CONVERSION = YES;
				CLANG_WARN_DIRECT_OBJC_ISA_USAGE = YES_ERROR;
				CLANG_WARN_DOCUMENTATION_COMMENTS = YES;
				CLANG_WARN_EMPTY_BODY = YES;
				CLANG_WARN_ENUM_CONVERSION = YES;
				CLANG_WARN_INFINITE_RECURSION = YES;
				CLANG_WARN_INT_CONVERSION = YES;
				CLANG_WARN_OBJC_ROOT_CLASS = YES_ERROR;
				CLANG_WARN_SUSPICIOUS_MOVES = YES;
				CLANG_WARN_UNREACHABLE_CODE = YES;
				CLANG_WARN__DUPLICATE_METHOD_MATCH = YES;
				"CODE_SIGN_IDENTITY[sdk=iphoneos*]" = "iPhone Developer";
				COPY_PHASE_STRIP = NO;
				DEBUG_INFORMATION_FORMAT = "dwarf-with-dsym";
				ENABLE_NS_ASSERTIONS = NO;
				ENABLE_STRICT_OBJC_MSGSEND = YES;
				GCC_C_LANGUAGE_STANDARD = gnu99;
				GCC_NO_COMMON_BLOCKS = YES;
				GCC_WARN_64_TO_32_BIT_CONVERSION = YES;
				GCC_WARN_ABOUT_RETURN_TYPE = YES_ERROR;
				GCC_WARN_UNDECLARED_SELECTOR = YES;
				GCC_WARN_UNINITIALIZED_AUTOS = YES_AGGRESSIVE;
				GCC_WARN_UNUSED_FUNCTION = YES;
				GCC_WARN_UNUSED_VARIABLE = YES;
				IPHONEOS_DEPLOYMENT_TARGET = 10.0;
				MTL_ENABLE_DEBUG_INFO = NO;
				SDKROOT = iphoneos;
				SWIFT_OPTIMIZATION_LEVEL = "-Owholemodule";
				TARGETED_DEVICE_FAMILY = "1,2";
				VALIDATE_PRODUCT = YES;
			};
			name = Release;
		};
		A10A120B1DE43EB300327228 /* Debug */ = {
			isa = XCBuildConfiguration;
			buildSettings = {
				ASSETCATALOG_COMPILER_APPICON_NAME = AppIcon;
				INFOPLIST_FILE = sushiBuffet/Info.plist;
				LD_RUNPATH_SEARCH_PATHS = "$(inherited) @executable_path/Frameworks";
				PRODUCT_BUNDLE_IDENTIFIER = com.instagramatnext.sushiBuffet;
				PRODUCT_NAME = "$(TARGET_NAME)";
				SWIFT_VERSION = 3.0;
			};
			name = Debug;
		};
		A10A120C1DE43EB300327228 /* Release */ = {
			isa = XCBuildConfiguration;
			buildSettings = {
				ASSETCATALOG_COMPILER_APPICON_NAME = AppIcon;
				INFOPLIST_FILE = sushiBuffet/Info.plist;
				LD_RUNPATH_SEARCH_PATHS = "$(inherited) @executable_path/Frameworks";
				PRODUCT_BUNDLE_IDENTIFIER = com.instagramatnext.sushiBuffet;
				PRODUCT_NAME = "$(TARGET_NAME)";
				SWIFT_VERSION = 3.0;
			};
			name = Release;
		};
/* End XCBuildConfiguration section */

/* Begin XCConfigurationList section */
		A10A11F01DE43EAF00327228 /* Build configuration list for PBXProject "sushiBuffet" */ = {
			isa = XCConfigurationList;
			buildConfigurations = (
				A10A12081DE43EB300327228 /* Debug */,
				A10A12091DE43EB300327228 /* Release */,
			);
			defaultConfigurationIsVisible = 0;
			defaultConfigurationName = Release;
		};
		A10A120A1DE43EB300327228 /* Build configuration list for PBXNativeTarget "sushiBuffet" */ = {
			isa = XCConfigurationList;
			buildConfigurations = (
				A10A120B1DE43EB300327228 /* Debug */,
				A10A120C1DE43EB300327228 /* Release */,
			);
			defaultConfigurationIsVisible = 0;
			defaultConfigurationName = Release;
		};
/* End XCConfigurationList section */

/* Begin XCVersionGroup section */
		A10A11FF1DE43EB200327228 /* sushiBuffet.xcdatamodeld */ = {
			isa = XCVersionGroup;
			children = (
				A10A12001DE43EB200327228 /* sushiBuffet.xcdatamodel */,
			);
			currentVersion = A10A12001DE43EB200327228 /* sushiBuffet.xcdatamodel */;
			path = sushiBuffet.xcdatamodeld;
			sourceTree = "<group>";
			versionGroupType = wrapper.xcdatamodel;
		};
/* End XCVersionGroup section */
	};
	rootObject = A10A11ED1DE43EAF00327228 /* Project object */;
}
