// !$*UTF8*$!
{
	archiveVersion = 1;
	classes = {
	};
	objectVersion = 46;
	objects = {

/* Begin PBXBuildFile section */
		A1DAE20B1DD2BE3700AD1E11 /* AppDelegate.swift in Sources */ = {isa = PBXBuildFile; fileRef = A1DAE20A1DD2BE3700AD1E11 /* AppDelegate.swift */; };
		A1DAE20D1DD2BE3700AD1E11 /* ViewController.swift in Sources */ = {isa = PBXBuildFile; fileRef = A1DAE20C1DD2BE3700AD1E11 /* ViewController.swift */; };
		A1DAE2101DD2BE3700AD1E11 /* Main.storyboard in Resources */ = {isa = PBXBuildFile; fileRef = A1DAE20E1DD2BE3700AD1E11 /* Main.storyboard */; };
		A1DAE2131DD2BE3700AD1E11 /* swift_protocol.xcdatamodeld in Sources */ = {isa = PBXBuildFile; fileRef = A1DAE2111DD2BE3700AD1E11 /* swift_protocol.xcdatamodeld */; };
		A1DAE2151DD2BE3700AD1E11 /* Assets.xcassets in Resources */ = {isa = PBXBuildFile; fileRef = A1DAE2141DD2BE3700AD1E11 /* Assets.xcassets */; };
		A1DAE2181DD2BE3700AD1E11 /* LaunchScreen.storyboard in Resources */ = {isa = PBXBuildFile; fileRef = A1DAE2161DD2BE3700AD1E11 /* LaunchScreen.storyboard */; };
/* End PBXBuildFile section */

/* Begin PBXFileReference section */
		A1DAE2071DD2BE3700AD1E11 /* swift protocol.app */ = {isa = PBXFileReference; explicitFileType = wrapper.application; includeInIndex = 0; path = "swift protocol.app"; sourceTree = BUILT_PRODUCTS_DIR; };
		A1DAE20A1DD2BE3700AD1E11 /* AppDelegate.swift */ = {isa = PBXFileReference; lastKnownFileType = sourcecode.swift; path = AppDelegate.swift; sourceTree = "<group>"; };
		A1DAE20C1DD2BE3700AD1E11 /* ViewController.swift */ = {isa = PBXFileReference; lastKnownFileType = sourcecode.swift; path = ViewController.swift; sourceTree = "<group>"; };
		A1DAE20F1DD2BE3700AD1E11 /* Base */ = {isa = PBXFileReference; lastKnownFileType = file.storyboard; name = Base; path = Base.lproj/Main.storyboard; sourceTree = "<group>"; };
		A1DAE2121DD2BE3700AD1E11 /* swift_protocol.xcdatamodel */ = {isa = PBXFileReference; lastKnownFileType = wrapper.xcdatamodel; path = swift_protocol.xcdatamodel; sourceTree = "<group>"; };
		A1DAE2141DD2BE3700AD1E11 /* Assets.xcassets */ = {isa = PBXFileReference; lastKnownFileType = folder.assetcatalog; path = Assets.xcassets; sourceTree = "<group>"; };
		A1DAE2171DD2BE3700AD1E11 /* Base */ = {isa = PBXFileReference; lastKnownFileType = file.storyboard; name = Base; path = Base.lproj/LaunchScreen.storyboard; sourceTree = "<group>"; };
		A1DAE2191DD2BE3700AD1E11 /* Info.plist */ = {isa = PBXFileReference; lastKnownFileType = text.plist.xml; path = Info.plist; sourceTree = "<group>"; };
		A1DAE21F1DD2BE4800AD1E11 /* MyPlayground.playground */ = {isa = PBXFileReference; lastKnownFileType = file.playground; path = MyPlayground.playground; sourceTree = "<group>"; };
/* End PBXFileReference section */

/* Begin PBXFrameworksBuildPhase section */
		A1DAE2041DD2BE3700AD1E11 /* Frameworks */ = {
			isa = PBXFrameworksBuildPhase;
			buildActionMask = 2147483647;
			files = (
			);
			runOnlyForDeploymentPostprocessing = 0;
		};
/* End PBXFrameworksBuildPhase section */

/* Begin PBXGroup section */
		A1DAE1FE1DD2BE3700AD1E11 = {
			isa = PBXGroup;
			children = (
				A1DAE21F1DD2BE4800AD1E11 /* MyPlayground.playground */,
				A1DAE2091DD2BE3700AD1E11 /* swift protocol */,
				A1DAE2081DD2BE3700AD1E11 /* Products */,
			);
			sourceTree = "<group>";
		};
		A1DAE2081DD2BE3700AD1E11 /* Products */ = {
			isa = PBXGroup;
			children = (
				A1DAE2071DD2BE3700AD1E11 /* swift protocol.app */,
			);
			name = Products;
			sourceTree = "<group>";
		};
		A1DAE2091DD2BE3700AD1E11 /* swift protocol */ = {
			isa = PBXGroup;
			children = (
				A1DAE20A1DD2BE3700AD1E11 /* AppDelegate.swift */,
				A1DAE20C1DD2BE3700AD1E11 /* ViewController.swift */,
				A1DAE20E1DD2BE3700AD1E11 /* Main.storyboard */,
				A1DAE2141DD2BE3700AD1E11 /* Assets.xcassets */,
				A1DAE2161DD2BE3700AD1E11 /* LaunchScreen.storyboard */,
				A1DAE2191DD2BE3700AD1E11 /* Info.plist */,
				A1DAE2111DD2BE3700AD1E11 /* swift_protocol.xcdatamodeld */,
			);
			path = "swift protocol";
			sourceTree = "<group>";
		};
/* End PBXGroup section */

/* Begin PBXNativeTarget section */
		A1DAE2061DD2BE3700AD1E11 /* swift protocol */ = {
			isa = PBXNativeTarget;
			buildConfigurationList = A1DAE21C1DD2BE3700AD1E11 /* Build configuration list for PBXNativeTarget "swift protocol" */;
			buildPhases = (
				A1DAE2031DD2BE3700AD1E11 /* Sources */,
				A1DAE2041DD2BE3700AD1E11 /* Frameworks */,
				A1DAE2051DD2BE3700AD1E11 /* Resources */,
			);
			buildRules = (
			);
			dependencies = (
			);
			name = "swift protocol";
			productName = "swift protocol";
			productReference = A1DAE2071DD2BE3700AD1E11 /* swift protocol.app */;
			productType = "com.apple.product-type.application";
		};
/* End PBXNativeTarget section */

/* Begin PBXProject section */
		A1DAE1FF1DD2BE3700AD1E11 /* Project object */ = {
			isa = PBXProject;
			attributes = {
				LastSwiftUpdateCheck = 0800;
				LastUpgradeCheck = 0800;
				ORGANIZATIONNAME = ckhui;
				TargetAttributes = {
					A1DAE2061DD2BE3700AD1E11 = {
						CreatedOnToolsVersion = 8.0;
						ProvisioningStyle = Automatic;
					};
				};
			};
			buildConfigurationList = A1DAE2021DD2BE3700AD1E11 /* Build configuration list for PBXProject "swift protocol" */;
			compatibilityVersion = "Xcode 3.2";
			developmentRegion = English;
			hasScannedForEncodings = 0;
			knownRegions = (
				en,
				Base,
			);
			mainGroup = A1DAE1FE1DD2BE3700AD1E11;
			productRefGroup = A1DAE2081DD2BE3700AD1E11 /* Products */;
			projectDirPath = "";
			projectRoot = "";
			targets = (
				A1DAE2061DD2BE3700AD1E11 /* swift protocol */,
			);
		};
/* End PBXProject section */

/* Begin PBXResourcesBuildPhase section */
		A1DAE2051DD2BE3700AD1E11 /* Resources */ = {
			isa = PBXResourcesBuildPhase;
			buildActionMask = 2147483647;
			files = (
				A1DAE2181DD2BE3700AD1E11 /* LaunchScreen.storyboard in Resources */,
				A1DAE2151DD2BE3700AD1E11 /* Assets.xcassets in Resources */,
				A1DAE2101DD2BE3700AD1E11 /* Main.storyboard in Resources */,
			);
			runOnlyForDeploymentPostprocessing = 0;
		};
/* End PBXResourcesBuildPhase section */

/* Begin PBXSourcesBuildPhase section */
		A1DAE2031DD2BE3700AD1E11 /* Sources */ = {
			isa = PBXSourcesBuildPhase;
			buildActionMask = 2147483647;
			files = (
				A1DAE20D1DD2BE3700AD1E11 /* ViewController.swift in Sources */,
				A1DAE2131DD2BE3700AD1E11 /* swift_protocol.xcdatamodeld in Sources */,
				A1DAE20B1DD2BE3700AD1E11 /* AppDelegate.swift in Sources */,
			);
			runOnlyForDeploymentPostprocessing = 0;
		};
/* End PBXSourcesBuildPhase section */

/* Begin PBXVariantGroup section */
		A1DAE20E1DD2BE3700AD1E11 /* Main.storyboard */ = {
			isa = PBXVariantGroup;
			children = (
				A1DAE20F1DD2BE3700AD1E11 /* Base */,
			);
			name = Main.storyboard;
			sourceTree = "<group>";
		};
		A1DAE2161DD2BE3700AD1E11 /* LaunchScreen.storyboard */ = {
			isa = PBXVariantGroup;
			children = (
				A1DAE2171DD2BE3700AD1E11 /* Base */,
			);
			name = LaunchScreen.storyboard;
			sourceTree = "<group>";
		};
/* End PBXVariantGroup section */

/* Begin XCBuildConfiguration section */
		A1DAE21A1DD2BE3700AD1E11 /* Debug */ = {
			isa = XCBuildConfiguration;
			buildSettings = {
				ALWAYS_SEARCH_USER_PATHS = NO;
				CLANG_ANALYZER_NONNULL = YES;
				CLANG_CXX_LANGUAGE_STANDARD = "gnu++0x";
				CLANG_CXX_LIBRARY = "libc++";
				CLANG_ENABLE_MODULES = YES;
				CLANG_ENABLE_OBJC_ARC = YES;
				CLANG_WARN_BOOL_CONVERSION = YES;
				CLANG_WARN_CONSTANT_CONVERSION = YES;
				CLANG_WARN_DIRECT_OBJC_ISA_USAGE = YES_ERROR;
				CLANG_WARN_DOCUMENTATION_COMMENTS = YES;
				CLANG_WARN_EMPTY_BODY = YES;
				CLANG_WARN_ENUM_CONVERSION = YES;
				CLANG_WARN_INFINITE_RECURSION = YES;
				CLANG_WARN_INT_CONVERSION = YES;
				CLANG_WARN_OBJC_ROOT_CLASS = YES_ERROR;
				CLANG_WARN_SUSPICIOUS_MOVES = YES;
				CLANG_WARN_UNREACHABLE_CODE = YES;
				CLANG_WARN__DUPLICATE_METHOD_MATCH = YES;
				"CODE_SIGN_IDENTITY[sdk=iphoneos*]" = "iPhone Developer";
				COPY_PHASE_STRIP = NO;
				DEBUG_INFORMATION_FORMAT = dwarf;
				ENABLE_STRICT_OBJC_MSGSEND = YES;
				ENABLE_TESTABILITY = YES;
				GCC_C_LANGUAGE_STANDARD = gnu99;
				GCC_DYNAMIC_NO_PIC = NO;
				GCC_NO_COMMON_BLOCKS = YES;
				GCC_OPTIMIZATION_LEVEL = 0;
				GCC_PREPROCESSOR_DEFINITIONS = (
					"DEBUG=1",
					"$(inherited)",
				);
				GCC_WARN_64_TO_32_BIT_CONVERSION = YES;
				GCC_WARN_ABOUT_RETURN_TYPE = YES_ERROR;
				GCC_WARN_UNDECLARED_SELECTOR = YES;
				GCC_WARN_UNINITIALIZED_AUTOS = YES_AGGRESSIVE;
				GCC_WARN_UNUSED_FUNCTION = YES;
				GCC_WARN_UNUSED_VARIABLE = YES;
				IPHONEOS_DEPLOYMENT_TARGET = 10.0;
				MTL_ENABLE_DEBUG_INFO = YES;
				ONLY_ACTIVE_ARCH = YES;
				SDKROOT = iphoneos;
				SWIFT_ACTIVE_COMPILATION_CONDITIONS = DEBUG;
				SWIFT_OPTIMIZATION_LEVEL = "-Onone";
				TARGETED_DEVICE_FAMILY = "1,2";
			};
			name = Debug;
		};
		A1DAE21B1DD2BE3700AD1E11 /* Release */ = {
			isa = XCBuildConfiguration;
			buildSettings = {
				ALWAYS_SEARCH_USER_PATHS = NO;
				CLANG_ANALYZER_NONNULL = YES;
				CLANG_CXX_LANGUAGE_STANDARD = "gnu++0x";
				CLANG_CXX_LIBRARY = "libc++";
				CLANG_ENABLE_MODULES = YES;
				CLANG_ENABLE_OBJC_ARC = YES;
				CLANG_WARN_BOOL_CONVERSION = YES;
				CLANG_WARN_CONSTANT_CONVERSION = YES;
				CLANG_WARN_DIRECT_OBJC_ISA_USAGE = YES_ERROR;
				CLANG_WARN_DOCUMENTATION_COMMENTS = YES;
				CLANG_WARN_EMPTY_BODY = YES;
				CLANG_WARN_ENUM_CONVERSION = YES;
				CLANG_WARN_INFINITE_RECURSION = YES;
				CLANG_WARN_INT_CONVERSION = YES;
				CLANG_WARN_OBJC_ROOT_CLASS = YES_ERROR;
				CLANG_WARN_SUSPICIOUS_MOVES = YES;
				CLANG_WARN_UNREACHABLE_CODE = YES;
				CLANG_WARN__DUPLICATE_METHOD_MATCH = YES;
				"CODE_SIGN_IDENTITY[sdk=iphoneos*]" = "iPhone Developer";
				COPY_PHASE_STRIP = NO;
				DEBUG_INFORMATION_FORMAT = "dwarf-with-dsym";
				ENABLE_NS_ASSERTIONS = NO;
				ENABLE_STRICT_OBJC_MSGSEND = YES;
				GCC_C_LANGUAGE_STANDARD = gnu99;
				GCC_NO_COMMON_BLOCKS = YES;
				GCC_WARN_64_TO_32_BIT_CONVERSION = YES;
				GCC_WARN_ABOUT_RETURN_TYPE = YES_ERROR;
				GCC_WARN_UNDECLARED_SELECTOR = YES;
				GCC_WARN_UNINITIALIZED_AUTOS = YES_AGGRESSIVE;
				GCC_WARN_UNUSED_FUNCTION = YES;
				GCC_WARN_UNUSED_VARIABLE = YES;
				IPHONEOS_DEPLOYMENT_TARGET = 10.0;
				MTL_ENABLE_DEBUG_INFO = NO;
				SDKROOT = iphoneos;
				SWIFT_OPTIMIZATION_LEVEL = "-Owholemodule";
				TARGETED_DEVICE_FAMILY = "1,2";
				VALIDATE_PRODUCT = YES;
			};
			name = Release;
		};
		A1DAE21D1DD2BE3700AD1E11 /* Debug */ = {
			isa = XCBuildConfiguration;
			buildSettings = {
				ASSETCATALOG_COMPILER_APPICON_NAME = AppIcon;
				INFOPLIST_FILE = "swift protocol/Info.plist";
				LD_RUNPATH_SEARCH_PATHS = "$(inherited) @executable_path/Frameworks";
				PRODUCT_BUNDLE_IDENTIFIER = "com.iosin9week.swift-protocol";
				PRODUCT_NAME = "$(TARGET_NAME)";
				SWIFT_VERSION = 3.0;
			};
			name = Debug;
		};
		A1DAE21E1DD2BE3700AD1E11 /* Release */ = {
			isa = XCBuildConfiguration;
			buildSettings = {
				ASSETCATALOG_COMPILER_APPICON_NAME = AppIcon;
				INFOPLIST_FILE = "swift protocol/Info.plist";
				LD_RUNPATH_SEARCH_PATHS = "$(inherited) @executable_path/Frameworks";
				PRODUCT_BUNDLE_IDENTIFIER = "com.iosin9week.swift-protocol";
				PRODUCT_NAME = "$(TARGET_NAME)";
				SWIFT_VERSION = 3.0;
			};
			name = Release;
		};
/* End XCBuildConfiguration section */

/* Begin XCConfigurationList section */
		A1DAE2021DD2BE3700AD1E11 /* Build configuration list for PBXProject "swift protocol" */ = {
			isa = XCConfigurationList;
			buildConfigurations = (
				A1DAE21A1DD2BE3700AD1E11 /* Debug */,
				A1DAE21B1DD2BE3700AD1E11 /* Release */,
			);
			defaultConfigurationIsVisible = 0;
			defaultConfigurationName = Release;
		};
		A1DAE21C1DD2BE3700AD1E11 /* Build configuration list for PBXNativeTarget "swift protocol" */ = {
			isa = XCConfigurationList;
			buildConfigurations = (
				A1DAE21D1DD2BE3700AD1E11 /* Debug */,
				A1DAE21E1DD2BE3700AD1E11 /* Release */,
			);
			defaultConfigurationIsVisible = 0;
		};
/* End XCConfigurationList section */

/* Begin XCVersionGroup section */
		A1DAE2111DD2BE3700AD1E11 /* swift_protocol.xcdatamodeld */ = {
			isa = XCVersionGroup;
			children = (
				A1DAE2121DD2BE3700AD1E11 /* swift_protocol.xcdatamodel */,
			);
			currentVersion = A1DAE2121DD2BE3700AD1E11 /* swift_protocol.xcdatamodel */;
			path = swift_protocol.xcdatamodeld;
			sourceTree = "<group>";
			versionGroupType = wrapper.xcdatamodel;
		};
/* End XCVersionGroup section */
	};
	rootObject = A1DAE1FF1DD2BE3700AD1E11 /* Project object */;
}
